
Microsoft Visual Studio Solution File, Format Version 12.00
# Visual Studio 15
VisualStudioVersion = 15.0.28010.2026
MinimumVisualStudioVersion = 10.0.40219.1
Project("{FAE04EC0-301F-11D3-BF4B-00C04F79EFBC}") = "Entidades", "Entidades\Entidades.csproj", "{4D659DBC-6880-41E4-AAD2-CA22DC97E41C}"
EndProject
Project("{FAE04EC0-301F-11D3-BF4B-00C04F79EFBC}") = "VistaConsola", "VistaConsola\VistaConsola.csproj", "{2D08DB41-1300-4727-B7D6-FDB6C367B54D}"
EndProject
Project("{FAE04EC0-301F-11D3-BF4B-00C04F79EFBC}") = "VistaForm", "VistaForm\VistaForm.csproj", "{BAE1EE0D-F2AA-41C8-AAC0-BEBEBD6A6903}"
EndProject
Global
	GlobalSection(SolutionConfigurationPlatforms) = preSolution
		Debug|Any CPU = Debug|Any CPU
		Release|Any CPU = Release|Any CPU
	EndGlobalSection
	GlobalSection(ProjectConfigurationPlatforms) = postSolution
		{4D659DBC-6880-41E4-AAD2-CA22DC97E41C}.Debug|Any CPU.ActiveCfg = Debug|Any CPU
		{4D659DBC-6880-41E4-AAD2-CA22DC97E41C}.Debug|Any CPU.Build.0 = Debug|Any CPU
		{4D659DBC-6880-41E4-AAD2-CA22DC97E41C}.Release|Any CPU.ActiveCfg = Release|Any CPU
		{4D659DBC-6880-41E4-AAD2-CA22DC97E41C}.Release|Any CPU.Build.0 = Release|Any CPU
		{2D08DB41-1300-4727-B7D6-FDB6C367B54D}.Debug|Any CPU.ActiveCfg = Debug|Any CPU
		{2D08DB41-1300-4727-B7D6-FDB6C367B54D}.Debug|Any CPU.Build.0 = Debug|Any CPU
		{2D08DB41-1300-4727-B7D6-FDB6C367B54D}.Release|Any CPU.ActiveCfg = Release|Any CPU
		{2D08DB41-1300-4727-B7D6-FDB6C367B54D}.Release|Any CPU.Build.0 = Release|Any CPU
		{BAE1EE0D-F2AA-41C8-AAC0-BEBEBD6A6903}.Debug|Any CPU.ActiveCfg = Debug|Any CPU
		{BAE1EE0D-F2AA-41C8-AAC0-BEBEBD6A6903}.Debug|Any CPU.Build.0 = Debug|Any CPU
		{BAE1EE0D-F2AA-41C8-AAC0-BEBEBD6A6903}.Release|Any CPU.ActiveCfg = Release|Any CPU
		{BAE1EE0D-F2AA-41C8-AAC0-BEBEBD6A6903}.Release|Any CPU.Build.0 = Release|Any CPU
	EndGlobalSection
	GlobalSection(SolutionProperties) = preSolution
		HideSolutionNode = FALSE
	EndGlobalSection
	GlobalSection(ExtensibilityGlobals) = postSolution
		SolutionGuid = {F7C9D615-F213-4852-834D-282A6EA6F6A4}
	EndGlobalSection
EndGlobal
